
Microsoft Visual Studio Solution File, Format Version 12.00
# Visual Studio Version 16
VisualStudioVersion = 16.0.30320.27
MinimumVisualStudioVersion = 10.0.40219.1
Project("{8BC9CEB8-8B4A-11D0-8D11-00A0C91BC942}") = "lap04Game01", "lap04Game01\lap04Game01.vcxproj", "{C9436CE3-CAEA-4AE7-98E9-CB1DAD231C78}"
EndProject
Global
	GlobalSection(SolutionConfigurationPlatforms) = preSolution
		Debug|x64 = Debug|x64
		Debug|x86 = Debug|x86
		Release|x64 = Release|x64
		Release|x86 = Release|x86
	EndGlobalSection
	GlobalSection(ProjectConfigurationPlatforms) = postSolution
		{C9436CE3-CAEA-4AE7-98E9-CB1DAD231C78}.Debug|x64.ActiveCfg = Debug|x64
		{C9436CE3-CAEA-4AE7-98E9-CB1DAD231C78}.Debug|x64.Build.0 = Debug|x64
		{C9436CE3-CAEA-4AE7-98E9-CB1DAD231C78}.Debug|x86.ActiveCfg = Debug|Win32
		{C9436CE3-CAEA-4AE7-98E9-CB1DAD231C78}.Debug|x86.Build.0 = Debug|Win32
		{C9436CE3-CAEA-4AE7-98E9-CB1DAD231C78}.Release|x64.ActiveCfg = Release|x64
		{C9436CE3-CAEA-4AE7-98E9-CB1DAD231C78}.Release|x64.Build.0 = Release|x64
		{C9436CE3-CAEA-4AE7-98E9-CB1DAD231C78}.Release|x86.ActiveCfg = Release|Win32
		{C9436CE3-CAEA-4AE7-98E9-CB1DAD231C78}.Release|x86.Build.0 = Release|Win32
	EndGlobalSection
	GlobalSection(SolutionProperties) = preSolution
		HideSolutionNode = FALSE
	EndGlobalSection
	GlobalSection(ExtensibilityGlobals) = postSolution
		SolutionGuid = {813979EC-41FD-4D43-97FD-C6739C7AB5E4}
	EndGlobalSection
EndGlobal
